// !$*UTF8*$!
{
	archiveVersion = 1;
	classes = {
	};
	objectVersion = 46;
	objects = {

/* Begin PBXBuildFile section */
		17CF95791B05101900DE7645 /* main.m in Sources */ = {isa = PBXBuildFile; fileRef = 17CF95781B05101900DE7645 /* main.m */; };
		17CF957C1B05101900DE7645 /* AppDelegate.m in Sources */ = {isa = PBXBuildFile; fileRef = 17CF957B1B05101900DE7645 /* AppDelegate.m */; };
		17CF957F1B05101900DE7645 /* ViewController.m in Sources */ = {isa = PBXBuildFile; fileRef = 17CF957E1B05101900DE7645 /* ViewController.m */; };
		17CF95821B05101900DE7645 /* Main.storyboard in Resources */ = {isa = PBXBuildFile; fileRef = 17CF95801B05101900DE7645 /* Main.storyboard */; };
		17CF95841B05101900DE7645 /* Images.xcassets in Resources */ = {isa = PBXBuildFile; fileRef = 17CF95831B05101900DE7645 /* Images.xcassets */; };
		17CF95871B05101900DE7645 /* LaunchScreen.xib in Resources */ = {isa = PBXBuildFile; fileRef = 17CF95851B05101900DE7645 /* LaunchScreen.xib */; };
		17CF95931B05101900DE7645 /* Project1Tests.m in Sources */ = {isa = PBXBuildFile; fileRef = 17CF95921B05101900DE7645 /* Project1Tests.m */; };
/* End PBXBuildFile section */

/* Begin PBXContainerItemProxy section */
		17CF958D1B05101900DE7645 /* PBXContainerItemProxy */ = {
			isa = PBXContainerItemProxy;
			containerPortal = 17CF956B1B05101900DE7645 /* Project object */;
			proxyType = 1;
			remoteGlobalIDString = 17CF95721B05101900DE7645;
			remoteInfo = Project1;
		};
/* End PBXContainerItemProxy section */

/* Begin PBXFileReference section */
		17CF95731B05101900DE7645 /* Project1.app */ = {isa = PBXFileReference; explicitFileType = wrapper.application; includeInIndex = 0; path = Project1.app; sourceTree = BUILT_PRODUCTS_DIR; };
		17CF95771B05101900DE7645 /* Info.plist */ = {isa = PBXFileReference; lastKnownFileType = text.plist.xml; path = Info.plist; sourceTree = "<group>"; };
		17CF95781B05101900DE7645 /* main.m */ = {isa = PBXFileReference; lastKnownFileType = sourcecode.c.objc; path = main.m; sourceTree = "<group>"; };
		17CF957A1B05101900DE7645 /* AppDelegate.h */ = {isa = PBXFileReference; lastKnownFileType = sourcecode.c.h; path = AppDelegate.h; sourceTree = "<group>"; };
		17CF957B1B05101900DE7645 /* AppDelegate.m */ = {isa = PBXFileReference; lastKnownFileType = sourcecode.c.objc; path = AppDelegate.m; sourceTree = "<group>"; };
		17CF957D1B05101900DE7645 /* ViewController.h */ = {isa = PBXFileReference; lastKnownFileType = sourcecode.c.h; path = ViewController.h; sourceTree = "<group>"; };
		17CF957E1B05101900DE7645 /* ViewController.m */ = {isa = PBXFileReference; lastKnownFileType = sourcecode.c.objc; path = ViewController.m; sourceTree = "<group>"; };
		17CF95811B05101900DE7645 /* Base */ = {isa = PBXFileReference; lastKnownFileType = file.storyboard; name = Base; path = Base.lproj/Main.storyboard; sourceTree = "<group>"; };
		17CF95831B05101900DE7645 /* Images.xcassets */ = {isa = PBXFileReference; lastKnownFileType = folder.assetcatalog; path = Images.xcassets; sourceTree = "<group>"; };
		17CF95861B05101900DE7645 /* Base */ = {isa = PBXFileReference; lastKnownFileType = file.xib; name = Base; path = Base.lproj/LaunchScreen.xib; sourceTree = "<group>"; };
		17CF958C1B05101900DE7645 /* Project1Tests.xctest */ = {isa = PBXFileReference; explicitFileType = wrapper.cfbundle; includeInIndex = 0; path = Project1Tests.xctest; sourceTree = BUILT_PRODUCTS_DIR; };
		17CF95911B05101900DE7645 /* Info.plist */ = {isa = PBXFileReference; lastKnownFileType = text.plist.xml; path = Info.plist; sourceTree = "<group>"; };
		17CF95921B05101900DE7645 /* Project1Tests.m */ = {isa = PBXFileReference; lastKnownFileType = sourcecode.c.objc; path = Project1Tests.m; sourceTree = "<group>"; };
/* End PBXFileReference section */

/* Begin PBXFrameworksBuildPhase section */
		17CF95701B05101900DE7645 /* Frameworks */ = {
			isa = PBXFrameworksBuildPhase;
			buildActionMask = 2147483647;
			files = (
			);
			runOnlyForDeploymentPostprocessing = 0;
		};
		17CF95891B05101900DE7645 /* Frameworks */ = {
			isa = PBXFrameworksBuildPhase;
			buildActionMask = 2147483647;
			files = (
			);
			runOnlyForDeploymentPostprocessing = 0;
		};
/* End PBXFrameworksBuildPhase section */

/* Begin PBXGroup section */
		17CF956A1B05101900DE7645 = {
			isa = PBXGroup;
			children = (
				17CF95751B05101900DE7645 /* Project1 */,
				17CF958F1B05101900DE7645 /* Project1Tests */,
				17CF95741B05101900DE7645 /* Products */,
			);
			sourceTree = "<group>";
		};
		17CF95741B05101900DE7645 /* Products */ = {
			isa = PBXGroup;
			children = (
				17CF95731B05101900DE7645 /* Project1.app */,
				17CF958C1B05101900DE7645 /* Project1Tests.xctest */,
			);
			name = Products;
			sourceTree = "<group>";
		};
		17CF95751B05101900DE7645 /* Project1 */ = {
			isa = PBXGroup;
			children = (
				17CF957A1B05101900DE7645 /* AppDelegate.h */,
				17CF957B1B05101900DE7645 /* AppDelegate.m */,
				17CF957D1B05101900DE7645 /* ViewController.h */,
				17CF957E1B05101900DE7645 /* ViewController.m */,
				17CF95801B05101900DE7645 /* Main.storyboard */,
				17CF95831B05101900DE7645 /* Images.xcassets */,
				17CF95851B05101900DE7645 /* LaunchScreen.xib */,
				17CF95761B05101900DE7645 /* Supporting Files */,
			);
			path = Project1;
			sourceTree = "<group>";
		};
		17CF95761B05101900DE7645 /* Supporting Files */ = {
			isa = PBXGroup;
			children = (
				17CF95771B05101900DE7645 /* Info.plist */,
				17CF95781B05101900DE7645 /* main.m */,
			);
			name = "Supporting Files";
			sourceTree = "<group>";
		};
		17CF958F1B05101900DE7645 /* Project1Tests */ = {
			isa = PBXGroup;
			children = (
				17CF95921B05101900DE7645 /* Project1Tests.m */,
				17CF95901B05101900DE7645 /* Supporting Files */,
			);
			path = Project1Tests;
			sourceTree = "<group>";
		};
		17CF95901B05101900DE7645 /* Supporting Files */ = {
			isa = PBXGroup;
			children = (
				17CF95911B05101900DE7645 /* Info.plist */,
			);
			name = "Supporting Files";
			sourceTree = "<group>";
		};
/* End PBXGroup section */

/* Begin PBXNativeTarget section */
		17CF95721B05101900DE7645 /* Project1 */ = {
			isa = PBXNativeTarget;
			buildConfigurationList = 17CF95961B05101900DE7645 /* Build configuration list for PBXNativeTarget "Project1" */;
			buildPhases = (
				17CF956F1B05101900DE7645 /* Sources */,
				17CF95701B05101900DE7645 /* Frameworks */,
				17CF95711B05101900DE7645 /* Resources */,
			);
			buildRules = (
			);
			dependencies = (
			);
			name = Project1;
			productName = Project1;
			productReference = 17CF95731B05101900DE7645 /* Project1.app */;
			productType = "com.apple.product-type.application";
		};
		17CF958B1B05101900DE7645 /* Project1Tests */ = {
			isa = PBXNativeTarget;
			buildConfigurationList = 17CF95991B05101900DE7645 /* Build configuration list for PBXNativeTarget "Project1Tests" */;
			buildPhases = (
				17CF95881B05101900DE7645 /* Sources */,
				17CF95891B05101900DE7645 /* Frameworks */,
				17CF958A1B05101900DE7645 /* Resources */,
			);
			buildRules = (
			);
			dependencies = (
				17CF958E1B05101900DE7645 /* PBXTargetDependency */,
			);
			name = Project1Tests;
			productName = Project1Tests;
			productReference = 17CF958C1B05101900DE7645 /* Project1Tests.xctest */;
			productType = "com.apple.product-type.bundle.unit-test";
		};
/* End PBXNativeTarget section */

/* Begin PBXProject section */
		17CF956B1B05101900DE7645 /* Project object */ = {
			isa = PBXProject;
			attributes = {
				LastUpgradeCheck = 0630;
				ORGANIZATIONNAME = "Iris Qiu";
				TargetAttributes = {
					17CF95721B05101900DE7645 = {
						CreatedOnToolsVersion = 6.3.1;
					};
					17CF958B1B05101900DE7645 = {
						CreatedOnToolsVersion = 6.3.1;
						TestTargetID = 17CF95721B05101900DE7645;
					};
				};
			};
			buildConfigurationList = 17CF956E1B05101900DE7645 /* Build configuration list for PBXProject "Project1" */;
			compatibilityVersion = "Xcode 3.2";
			developmentRegion = English;
			hasScannedForEncodings = 0;
			knownRegions = (
				en,
				Base,
			);
			mainGroup = 17CF956A1B05101900DE7645;
			productRefGroup = 17CF95741B05101900DE7645 /* Products */;
			projectDirPath = "";
			projectRoot = "";
			targets = (
				17CF95721B05101900DE7645 /* Project1 */,
				17CF958B1B05101900DE7645 /* Project1Tests */,
			);
		};
/* End PBXProject section */

/* Begin PBXResourcesBuildPhase section */
		17CF95711B05101900DE7645 /* Resources */ = {
			isa = PBXResourcesBuildPhase;
			buildActionMask = 2147483647;
			files = (
				17CF95821B05101900DE7645 /* Main.storyboard in Resources */,
				17CF95871B05101900DE7645 /* LaunchScreen.xib in Resources */,
				17CF95841B05101900DE7645 /* Images.xcassets in Resources */,
			);
			runOnlyForDeploymentPostprocessing = 0;
		};
		17CF958A1B05101900DE7645 /* Resources */ = {
			isa = PBXResourcesBuildPhase;
			buildActionMask = 2147483647;
			files = (
			);
			runOnlyForDeploymentPostprocessing = 0;
		};
/* End PBXResourcesBuildPhase section */

/* Begin PBXSourcesBuildPhase section */
		17CF956F1B05101900DE7645 /* Sources */ = {
			isa = PBXSourcesBuildPhase;
			buildActionMask = 2147483647;
			files = (
				17CF957F1B05101900DE7645 /* ViewController.m in Sources */,
				17CF957C1B05101900DE7645 /* AppDelegate.m in Sources */,
				17CF95791B05101900DE7645 /* main.m in Sources */,
			);
			runOnlyForDeploymentPostprocessing = 0;
		};
		17CF95881B05101900DE7645 /* Sources */ = {
			isa = PBXSourcesBuildPhase;
			buildActionMask = 2147483647;
			files = (
				17CF95931B05101900DE7645 /* Project1Tests.m in Sources */,
			);
			runOnlyForDeploymentPostprocessing = 0;
		};
/* End PBXSourcesBuildPhase section */

/* Begin PBXTargetDependency section */
		17CF958E1B05101900DE7645 /* PBXTargetDependency */ = {
			isa = PBXTargetDependency;
			target = 17CF95721B05101900DE7645 /* Project1 */;
			targetProxy = 17CF958D1B05101900DE7645 /* PBXContainerItemProxy */;
		};
/* End PBXTargetDependency section */

/* Begin PBXVariantGroup section */
		17CF95801B05101900DE7645 /* Main.storyboard */ = {
			isa = PBXVariantGroup;
			children = (
				17CF95811B05101900DE7645 /* Base */,
			);
			name = Main.storyboard;
			sourceTree = "<group>";
		};
		17CF95851B05101900DE7645 /* LaunchScreen.xib */ = {
			isa = PBXVariantGroup;
			children = (
				17CF95861B05101900DE7645 /* Base */,
			);
			name = LaunchScreen.xib;
			sourceTree = "<group>";
		};
/* End PBXVariantGroup section */

/* Begin XCBuildConfiguration section */
		17CF95941B05101900DE7645 /* Debug */ = {
			isa = XCBuildConfiguration;
			buildSettings = {
				ALWAYS_SEARCH_USER_PATHS = NO;
				CLANG_CXX_LANGUAGE_STANDARD = "gnu++0x";
				CLANG_CXX_LIBRARY = "libc++";
				CLANG_ENABLE_MODULES = YES;
				CLANG_ENABLE_OBJC_ARC = YES;
				CLANG_WARN_BOOL_CONVERSION = YES;
				CLANG_WARN_CONSTANT_CONVERSION = YES;
				CLANG_WARN_DIRECT_OBJC_ISA_USAGE = YES_ERROR;
				CLANG_WARN_EMPTY_BODY = YES;
				CLANG_WARN_ENUM_CONVERSION = YES;
				CLANG_WARN_INT_CONVERSION = YES;
				CLANG_WARN_OBJC_ROOT_CLASS = YES_ERROR;
				CLANG_WARN_UNREACHABLE_CODE = YES;
				CLANG_WARN__DUPLICATE_METHOD_MATCH = YES;
				"CODE_SIGN_IDENTITY[sdk=iphoneos*]" = "iPhone Developer";
				COPY_PHASE_STRIP = NO;
				DEBUG_INFORMATION_FORMAT = "dwarf-with-dsym";
				ENABLE_STRICT_OBJC_MSGSEND = YES;
				GCC_C_LANGUAGE_STANDARD = gnu99;
				GCC_DYNAMIC_NO_PIC = NO;
				GCC_NO_COMMON_BLOCKS = YES;
				GCC_OPTIMIZATION_LEVEL = 0;
				GCC_PREPROCESSOR_DEFINITIONS = (
					"DEBUG=1",
					"$(inherited)",
				);
				GCC_SYMBOLS_PRIVATE_EXTERN = NO;
				GCC_WARN_64_TO_32_BIT_CONVERSION = YES;
				GCC_WARN_ABOUT_RETURN_TYPE = YES_ERROR;
				GCC_WARN_UNDECLARED_SELECTOR = YES;
				GCC_WARN_UNINITIALIZED_AUTOS = YES_AGGRESSIVE;
				GCC_WARN_UNUSED_FUNCTION = YES;
				GCC_WARN_UNUSED_VARIABLE = YES;
				IPHONEOS_DEPLOYMENT_TARGET = 8.3;
				MTL_ENABLE_DEBUG_INFO = YES;
				ONLY_ACTIVE_ARCH = YES;
				SDKROOT = iphoneos;
				TARGETED_DEVICE_FAMILY = "1,2";
			};
			name = Debug;
		};
		17CF95951B05101900DE7645 /* Release */ = {
			isa = XCBuildConfiguration;
			buildSettings = {
				ALWAYS_SEARCH_USER_PATHS = NO;
				CLANG_CXX_LANGUAGE_STANDARD = "gnu++0x";
				CLANG_CXX_LIBRARY = "libc++";
				CLANG_ENABLE_MODULES = YES;
				CLANG_ENABLE_OBJC_ARC = YES;
				CLANG_WARN_BOOL_CONVERSION = YES;
				CLANG_WARN_CONSTANT_CONVERSION = YES;
				CLANG_WARN_DIRECT_OBJC_ISA_USAGE = YES_ERROR;
				CLANG_WARN_EMPTY_BODY = YES;
				CLANG_WARN_ENUM_CONVERSION = YES;
				CLANG_WARN_INT_CONVERSION = YES;
				CLANG_WARN_OBJC_ROOT_CLASS = YES_ERROR;
				CLANG_WARN_UNREACHABLE_CODE = YES;
				CLANG_WARN__DUPLICATE_METHOD_MATCH = YES;
				"CODE_SIGN_IDENTITY[sdk=iphoneos*]" = "iPhone Developer";
				COPY_PHASE_STRIP = NO;
				DEBUG_INFORMATION_FORMAT = "dwarf-with-dsym";
				ENABLE_NS_ASSERTIONS = NO;
				ENABLE_STRICT_OBJC_MSGSEND = YES;
				GCC_C_LANGUAGE_STANDARD = gnu99;
				GCC_NO_COMMON_BLOCKS = YES;
				GCC_WARN_64_TO_32_BIT_CONVERSION = YES;
				GCC_WARN_ABOUT_RETURN_TYPE = YES_ERROR;
				GCC_WARN_UNDECLARED_SELECTOR = YES;
				GCC_WARN_UNINITIALIZED_AUTOS = YES_AGGRESSIVE;
				GCC_WARN_UNUSED_FUNCTION = YES;
				GCC_WARN_UNUSED_VARIABLE = YES;
				IPHONEOS_DEPLOYMENT_TARGET = 8.3;
				MTL_ENABLE_DEBUG_INFO = NO;
				SDKROOT = iphoneos;
				TARGETED_DEVICE_FAMILY = "1,2";
				VALIDATE_PRODUCT = YES;
			};
			name = Release;
		};
		17CF95971B05101900DE7645 /* Debug */ = {
			isa = XCBuildConfiguration;
			buildSettings = {
				ASSETCATALOG_COMPILER_APPICON_NAME = AppIcon;
				INFOPLIST_FILE = Project1/Info.plist;
				LD_RUNPATH_SEARCH_PATHS = "$(inherited) @executable_path/Frameworks";
				PRODUCT_NAME = "$(TARGET_NAME)";
			};
			name = Debug;
		};
		17CF95981B05101900DE7645 /* Release */ = {
			isa = XCBuildConfiguration;
			buildSettings = {
				ASSETCATALOG_COMPILER_APPICON_NAME = AppIcon;
				INFOPLIST_FILE = Project1/Info.plist;
				LD_RUNPATH_SEARCH_PATHS = "$(inherited) @executable_path/Frameworks";
				PRODUCT_NAME = "$(TARGET_NAME)";
			};
			name = Release;
		};
		17CF959A1B05101900DE7645 /* Debug */ = {
			isa = XCBuildConfiguration;
			buildSettings = {
				BUNDLE_LOADER = "$(TEST_HOST)";
				FRAMEWORK_SEARCH_PATHS = (
					"$(SDKROOT)/Developer/Library/Frameworks",
					"$(inherited)",
				);
				GCC_PREPROCESSOR_DEFINITIONS = (
					"DEBUG=1",
					"$(inherited)",
				);
				INFOPLIST_FILE = Project1Tests/Info.plist;
				LD_RUNPATH_SEARCH_PATHS = "$(inherited) @executable_path/Frameworks @loader_path/Frameworks";
				PRODUCT_NAME = "$(TARGET_NAME)";
				TEST_HOST = "$(BUILT_PRODUCTS_DIR)/Project1.app/Project1";
			};
			name = Debug;
		};
		17CF959B1B05101900DE7645 /* Release */ = {
			isa = XCBuildConfiguration;
			buildSettings = {
				BUNDLE_LOADER = "$(TEST_HOST)";
				FRAMEWORK_SEARCH_PATHS = (
					"$(SDKROOT)/Developer/Library/Frameworks",
					"$(inherited)",
				);
				INFOPLIST_FILE = Project1Tests/Info.plist;
				LD_RUNPATH_SEARCH_PATHS = "$(inherited) @executable_path/Frameworks @loader_path/Frameworks";
				PRODUCT_NAME = "$(TARGET_NAME)";
				TEST_HOST = "$(BUILT_PRODUCTS_DIR)/Project1.app/Project1";
			};
			name = Release;
		};
/* End XCBuildConfiguration section */

/* Begin XCConfigurationList section */
		17CF956E1B05101900DE7645 /* Build configuration list for PBXProject "Project1" */ = {
			isa = XCConfigurationList;
			buildConfigurations = (
				17CF95941B05101900DE7645 /* Debug */,
				17CF95951B05101900DE7645 /* Release */,
			);
			defaultConfigurationIsVisible = 0;
			defaultConfigurationName = Release;
		};
		17CF95961B05101900DE7645 /* Build configuration list for PBXNativeTarget "Project1" */ = {
			isa = XCConfigurationList;
			buildConfigurations = (
				17CF95971B05101900DE7645 /* Debug */,
				17CF95981B05101900DE7645 /* Release */,
			);
			defaultConfigurationIsVisible = 0;
		};
		17CF95991B05101900DE7645 /* Build configuration list for PBXNativeTarget "Project1Tests" */ = {
			isa = XCConfigurationList;
			buildConfigurations = (
				17CF959A1B05101900DE7645 /* Debug */,
				17CF959B1B05101900DE7645 /* Release */,
			);
			defaultConfigurationIsVisible = 0;
		};
/* End XCConfigurationList section */
	};
	rootObject = 17CF956B1B05101900DE7645 /* Project object */;
}
